{
    "version": 3,
    "terraform_version": "0.11.10",
    "serial": 2,
    "lineage": "2f014e12-8099-0d09-d7bc-b2a37cd765fa",
    "modules": [
        {
            "path": [
                "root"
            ],
            "outputs": {},
            "resources": {
                "vault_auth_backend.test.0": {
                    "type": "vault_auth_backend",
                    "depends_on": [],
                    "primary": {
                        "id": "roger-aws",
                        "attributes": {
                            "accessor": "auth_aws_04333ec2",
                            "default_lease_ttl_seconds": "0",
                            "description": "",
                            "id": "roger-aws",
                            "listing_visibility": "",
                            "local": "false",
                            "max_lease_ttl_seconds": "0",
                            "path": "roger-aws/",
                            "type": "aws"
                        },
                        "meta": {
                            "schema_version": "1"
                        },
                        "tainted": false
                    },
                    "deposed": [],
                    "provider": "provider.vault"
                },
                "vault_auth_backend.test.1": {
                    "type": "vault_auth_backend",
                    "depends_on": [],
                    "primary": {
                        "id": "roger-azure",
                        "attributes": {
                            "accessor": "auth_azure_d6f775db",
                            "default_lease_ttl_seconds": "0",
                            "description": "",
                            "id": "roger-azure",
                            "listing_visibility": "",
                            "local": "false",
                            "max_lease_ttl_seconds": "0",
                            "path": "roger-azure/",
                            "type": "azure"
                        },
                        "meta": {
                            "schema_version": "1"
                        },
                        "tainted": false
                    },
                    "deposed": [],
                    "provider": "provider.vault"
                },
                "vault_auth_backend.test.2": {
                    "type": "vault_auth_backend",
                    "depends_on": [],
                    "primary": {
                        "id": "roger-gcp",
                        "attributes": {
                            "accessor": "auth_gcp_bf1a37ee",
                            "default_lease_ttl_seconds": "0",
                            "description": "",
                            "id": "roger-gcp",
                            "listing_visibility": "",
                            "local": "false",
                            "max_lease_ttl_seconds": "0",
                            "path": "roger-gcp/",
                            "type": "gcp"
                        },
                        "meta": {
                            "schema_version": "1"
                        },
                        "tainted": false
                    },
                    "deposed": [],
                    "provider": "provider.vault"
                }
            },
            "depends_on": []
        }
    ]
}
